
Microsoft Visual Studio Solution File, Format Version 12.00
# Visual Studio Version 17
VisualStudioVersion = 17.14.36429.23 d17.14
MinimumVisualStudioVersion = 10.0.40219.1
Project("{FAE04EC0-301F-11D3-BF4B-00C04F79EFBC}") = "MediLink_BackEnd", "MediLink_BackEnd\MediLink_BackEnd.csproj", "{0CB70955-EEE1-4696-96B8-B7D61C19731F}"
EndProject
Global
	GlobalSection(SolutionConfigurationPlatforms) = preSolution
		Debug|Any CPU = Debug|Any CPU
		Release|Any CPU = Release|Any CPU
	EndGlobalSection
	GlobalSection(ProjectConfigurationPlatforms) = postSolution
		{0CB70955-EEE1-4696-96B8-B7D61C19731F}.Debug|Any CPU.ActiveCfg = Debug|Any CPU
		{0CB70955-EEE1-4696-96B8-B7D61C19731F}.Debug|Any CPU.Build.0 = Debug|Any CPU
		{0CB70955-EEE1-4696-96B8-B7D61C19731F}.Release|Any CPU.ActiveCfg = Release|Any CPU
		{0CB70955-EEE1-4696-96B8-B7D61C19731F}.Release|Any CPU.Build.0 = Release|Any CPU
	EndGlobalSection
	GlobalSection(SolutionProperties) = preSolution
		HideSolutionNode = FALSE
	EndGlobalSection
	GlobalSection(ExtensibilityGlobals) = postSolution
		SolutionGuid = {B44FC1A1-6162-4320-A2EA-1A78B1152AE2}
	EndGlobalSection
EndGlobal
